
Microsoft Visual Studio Solution File, Format Version 12.00
# Visual Studio Version 17
VisualStudioVersion = 17.6.33815.320
MinimumVisualStudioVersion = 10.0.40219.1
Project("{9A19103F-16F7-4668-BE54-9A1E7A4F7556}") = "HeroTest", "HeroTest.csproj", "{50673913-8D8B-4FF0-A2F8-69B8DEDE7052}"
EndProject
Project("{FAE04EC0-301F-11D3-BF4B-00C04F79EFBC}") = "HeroUnitTests", "..\HeroUnitTests\HeroUnitTests.csproj", "{AD6D5280-4067-4908-8B4F-F34AFDABFCC1}"
EndProject
Global
	GlobalSection(SolutionConfigurationPlatforms) = preSolution
		Debug|Any CPU = Debug|Any CPU
		Release|Any CPU = Release|Any CPU
	EndGlobalSection
	GlobalSection(ProjectConfigurationPlatforms) = postSolution
		{50673913-8D8B-4FF0-A2F8-69B8DEDE7052}.Debug|Any CPU.ActiveCfg = Debug|Any CPU
		{50673913-8D8B-4FF0-A2F8-69B8DEDE7052}.Debug|Any CPU.Build.0 = Debug|Any CPU
		{50673913-8D8B-4FF0-A2F8-69B8DEDE7052}.Release|Any CPU.ActiveCfg = Release|Any CPU
		{50673913-8D8B-4FF0-A2F8-69B8DEDE7052}.Release|Any CPU.Build.0 = Release|Any CPU
		{AD6D5280-4067-4908-8B4F-F34AFDABFCC1}.Debug|Any CPU.ActiveCfg = Debug|Any CPU
		{AD6D5280-4067-4908-8B4F-F34AFDABFCC1}.Debug|Any CPU.Build.0 = Debug|Any CPU
		{AD6D5280-4067-4908-8B4F-F34AFDABFCC1}.Release|Any CPU.ActiveCfg = Release|Any CPU
		{AD6D5280-4067-4908-8B4F-F34AFDABFCC1}.Release|Any CPU.Build.0 = Release|Any CPU
	EndGlobalSection
	GlobalSection(SolutionProperties) = preSolution
		HideSolutionNode = FALSE
	EndGlobalSection
	GlobalSection(ExtensibilityGlobals) = postSolution
		SolutionGuid = {96DCE46B-4944-4183-938C-1C6DEA821C9B}
	EndGlobalSection
EndGlobal
